
Microsoft Visual Studio Solution File, Format Version 12.00
# Visual Studio Version 17
VisualStudioVersion = 17.5.002.0
MinimumVisualStudioVersion = 10.0.40219.1
Project("{9A19103F-16F7-4668-BE54-9A1E7A4F7556}") = "practica14-Nav1dad", "practica14-Nav1dad.csproj", "{473B93CC-6934-415F-86EC-79555DD51C56}"
EndProject
Global
	GlobalSection(SolutionConfigurationPlatforms) = preSolution
		Debug|Any CPU = Debug|Any CPU
		Release|Any CPU = Release|Any CPU
	EndGlobalSection
	GlobalSection(ProjectConfigurationPlatforms) = postSolution
		{473B93CC-6934-415F-86EC-79555DD51C56}.Debug|Any CPU.ActiveCfg = Debug|Any CPU
		{473B93CC-6934-415F-86EC-79555DD51C56}.Debug|Any CPU.Build.0 = Debug|Any CPU
		{473B93CC-6934-415F-86EC-79555DD51C56}.Release|Any CPU.ActiveCfg = Release|Any CPU
		{473B93CC-6934-415F-86EC-79555DD51C56}.Release|Any CPU.Build.0 = Release|Any CPU
	EndGlobalSection
	GlobalSection(SolutionProperties) = preSolution
		HideSolutionNode = FALSE
	EndGlobalSection
	GlobalSection(ExtensibilityGlobals) = postSolution
		SolutionGuid = {4A27BA71-F85B-4836-9BB3-84E9A2F69B26}
	EndGlobalSection
EndGlobal
